
Microsoft Visual Studio Solution File, Format Version 12.00
# Visual Studio Version 16
VisualStudioVersion = 16.0.29911.84
MinimumVisualStudioVersion = 10.0.40219.1
Project("{FAE04EC0-301F-11D3-BF4B-00C04F79EFBC}") = "CustomModelBinder", "CustomModelBinder\CustomModelBinder.csproj", "{857B6FA2-4411-4A80-AE96-6E9B735AE5A3}"
EndProject
Global
	GlobalSection(SolutionConfigurationPlatforms) = preSolution
		Debug|Any CPU = Debug|Any CPU
		Release|Any CPU = Release|Any CPU
	EndGlobalSection
	GlobalSection(ProjectConfigurationPlatforms) = postSolution
		{857B6FA2-4411-4A80-AE96-6E9B735AE5A3}.Debug|Any CPU.ActiveCfg = Debug|Any CPU
		{857B6FA2-4411-4A80-AE96-6E9B735AE5A3}.Debug|Any CPU.Build.0 = Debug|Any CPU
		{857B6FA2-4411-4A80-AE96-6E9B735AE5A3}.Release|Any CPU.ActiveCfg = Release|Any CPU
		{857B6FA2-4411-4A80-AE96-6E9B735AE5A3}.Release|Any CPU.Build.0 = Release|Any CPU
	EndGlobalSection
	GlobalSection(SolutionProperties) = preSolution
		HideSolutionNode = FALSE
	EndGlobalSection
	GlobalSection(ExtensibilityGlobals) = postSolution
		SolutionGuid = {6602AD9F-CB70-4137-8F44-583305F44A3D}
	EndGlobalSection
EndGlobal
